
Microsoft Visual Studio Solution File, Format Version 12.00
# Visual Studio Version 17
VisualStudioVersion = 17.3.32929.385
MinimumVisualStudioVersion = 10.0.40219.1
Project("{FAE04EC0-301F-11D3-BF4B-00C04F79EFBC}") = "lab3.3", "lab3.3\lab3.3.csproj", "{23FCB1A2-A362-4EBF-94A8-ACCD444B9BBD}"
EndProject
Global
	GlobalSection(SolutionConfigurationPlatforms) = preSolution
		Debug|Any CPU = Debug|Any CPU
		Release|Any CPU = Release|Any CPU
	EndGlobalSection
	GlobalSection(ProjectConfigurationPlatforms) = postSolution
		{23FCB1A2-A362-4EBF-94A8-ACCD444B9BBD}.Debug|Any CPU.ActiveCfg = Debug|Any CPU
		{23FCB1A2-A362-4EBF-94A8-ACCD444B9BBD}.Debug|Any CPU.Build.0 = Debug|Any CPU
		{23FCB1A2-A362-4EBF-94A8-ACCD444B9BBD}.Release|Any CPU.ActiveCfg = Release|Any CPU
		{23FCB1A2-A362-4EBF-94A8-ACCD444B9BBD}.Release|Any CPU.Build.0 = Release|Any CPU
	EndGlobalSection
	GlobalSection(SolutionProperties) = preSolution
		HideSolutionNode = FALSE
	EndGlobalSection
	GlobalSection(ExtensibilityGlobals) = postSolution
		SolutionGuid = {CB99A4F8-C673-4B04-B0CF-CCD3ED5C1B1C}
	EndGlobalSection
EndGlobal
